<?xml version="1.0" encoding="utf-8"?>
<Project ToolsVersion="4.0" xmlns="http://schemas.microsoft.com/developer/msbuild/2003">
  <ItemGroup>
    <Filter Include="Source Files">
      <UniqueIdentifier>{026cfa73-24ba-4a9b-9210-4e3e528d0be9}</UniqueIdentifier>
      <Extensions>cpp;c;cxx;rc;def;r;odl;hpj;bat;for;f90</Extensions>
    </Filter>
    <Filter Include="Header Files">
      <UniqueIdentifier>{eb7ab690-055d-4ffb-886a-0f208400b82a}</UniqueIdentifier>
      <Extensions>h;hpp;hxx;hm;inl;fi;fd</Extensions>
    </Filter>
    <Filter Include="Resource Files">
      <UniqueIdentifier>{1b42f6e6-0e94-48bb-a71b-89b69678cc25}</UniqueIdentifier>
      <Extensions>ico;cur;bmp;dlg;rc2;rct;bin;cnt;rtf;gif;jpg;jpeg;jpe</Extensions>
    </Filter>
  </ItemGroup>
  <ItemGroup>
    <ClCompile Include="a_cmds.c">
      <Filter>Source Files</Filter>
    </ClCompile>
    <ClCompile Include="a_ctf.c">
      <Filter>Source Files</Filter>
    </ClCompile>
    <ClCompile Include="a_doorkick.c">
      <Filter>Source Files</Filter>
    </ClCompile>
    <ClCompile Include="a_game.c">
      <Filter>Source Files</Filter>
    </ClCompile>
    <ClCompile Include="a_items.c">
      <Filter>Source Files</Filter>
    </ClCompile>
    <ClCompile Include="a_match.c">
      <Filter>Source Files</Filter>
    </ClCompile>
    <ClCompile Include="a_menu.c">
      <Filter>Source Files</Filter>
    </ClCompile>
    <ClCompile Include="a_radio.c">
      <Filter>Source Files</Filter>
    </ClCompile>
    <ClCompile Include="a_team.c">
      <Filter>Source Files</Filter>
    </ClCompile>
    <ClCompile Include="a_tourney.c">
      <Filter>Source Files</Filter>
    </ClCompile>
    <ClCompile Include="a_vote.c">
      <Filter>Source Files</Filter>
    </ClCompile>
    <ClCompile Include="a_xcmds.c">
      <Filter>Source Files</Filter>
    </ClCompile>
    <ClCompile Include="a_xgame.c">
      <Filter>Source Files</Filter>
    </ClCompile>
    <ClCompile Include="a_xmenu.c">
      <Filter>Source Files</Filter>
    </ClCompile>
    <ClCompile Include="a_xvote.c">
      <Filter>Source Files</Filter>
    </ClCompile>
    <ClCompile Include="cgf_sfx_glass.c">
      <Filter>Source Files</Filter>
    </ClCompile>
    <ClCompile Include="g_chase.c">
      <Filter>Source Files</Filter>
    </ClCompile>
    <ClCompile Include="g_cmds.c">
      <Filter>Source Files</Filter>
    </ClCompile>
    <ClCompile Include="g_combat.c">
      <Filter>Source Files</Filter>
    </ClCompile>
    <ClCompile Include="g_func.c">
      <Filter>Source Files</Filter>
    </ClCompile>
    <ClCompile Include="g_items.c">
      <Filter>Source Files</Filter>
    </ClCompile>
    <ClCompile Include="g_main.c">
      <Filter>Source Files</Filter>
    </ClCompile>
    <ClCompile Include="g_misc.c">
      <Filter>Source Files</Filter>
    </ClCompile>
    <ClCompile Include="g_phys.c">
      <Filter>Source Files</Filter>
    </ClCompile>
    <ClCompile Include="g_save.c">
      <Filter>Source Files</Filter>
    </ClCompile>
    <ClCompile Include="g_spawn.c">
      <Filter>Source Files</Filter>
    </ClCompile>
    <ClCompile Include="g_svcmds.c">
      <Filter>Source Files</Filter>
    </ClCompile>
    <ClCompile Include="g_target.c">
      <Filter>Source Files</Filter>
    </ClCompile>
    <ClCompile Include="g_trigger.c">
      <Filter>Source Files</Filter>
    </ClCompile>
    <ClCompile Include="g_utils.c">
      <Filter>Source Files</Filter>
    </ClCompile>
    <ClCompile Include="g_weapon.c">
      <Filter>Source Files</Filter>
    </ClCompile>
    <ClCompile Include="lcchack.c">
      <Filter>Source Files</Filter>
    </ClCompile>
    <ClCompile Include="p_client.c">
      <Filter>Source Files</Filter>
    </ClCompile>
    <ClCompile Include="p_hud.c">
      <Filter>Source Files</Filter>
    </ClCompile>
    <ClCompile Include="p_view.c">
      <Filter>Source Files</Filter>
    </ClCompile>
    <ClCompile Include="p_weapon.c">
      <Filter>Source Files</Filter>
    </ClCompile>
    <ClCompile Include="q_shared.c">
      <Filter>Source Files</Filter>
    </ClCompile>
    <ClCompile Include="tng_flashlight.c">
      <Filter>Source Files</Filter>
    </ClCompile>
    <ClCompile Include="tng_stats.c">
      <Filter>Source Files</Filter>
    </ClCompile>
    <ClCompile Include="g_grapple.c">
      <Filter>Source Files</Filter>
    </ClCompile>
    <ClCompile Include="tng_balancer.c">
      <Filter>Source Files</Filter>
    </ClCompile>
    <ClCompile Include="tng_ini.c">
      <Filter>Source Files</Filter>
    </ClCompile>
    <ClCompile Include="a_dom.c">
      <Filter>Source Files</Filter>
    </ClCompile>
    <ClCompile Include="tng_jump.c">
      <Filter>Source Files</Filter>
    </ClCompile>
    <ClCompile Include="p_antilag.c">
      <Filter>Source Files</Filter>
    </ClCompile>
  </ItemGroup>
  <ItemGroup>
    <ClInclude Include="a_ctf.h">
      <Filter>Header Files</Filter>
    </ClInclude>
    <ClInclude Include="a_game.h">
      <Filter>Header Files</Filter>
    </ClInclude>
    <ClInclude Include="a_match.h">
      <Filter>Header Files</Filter>
    </ClInclude>
    <ClInclude Include="a_menu.h">
      <Filter>Header Files</Filter>
    </ClInclude>
    <ClInclude Include="a_radio.h">
      <Filter>Header Files</Filter>
    </ClInclude>
    <ClInclude Include="a_team.h">
      <Filter>Header Files</Filter>
    </ClInclude>
    <ClInclude Include="a_tourney.h">
      <Filter>Header Files</Filter>
    </ClInclude>
    <ClInclude Include="a_vote.h">
      <Filter>Header Files</Filter>
    </ClInclude>
    <ClInclude Include="a_xcmds.h">
      <Filter>Header Files</Filter>
    </ClInclude>
    <ClInclude Include="a_xgame.h">
      <Filter>Header Files</Filter>
    </ClInclude>
    <ClInclude Include="a_xmenu.h">
      <Filter>Header Files</Filter>
    </ClInclude>
    <ClInclude Include="a_xvote.h">
      <Filter>Header Files</Filter>
    </ClInclude>
    <ClInclude Include="cgf_sfx_glass.h">
      <Filter>Header Files</Filter>
    </ClInclude>
    <ClInclude Include="g_local.h">
      <Filter>Header Files</Filter>
    </ClInclude>
    <ClInclude Include="game.h">
      <Filter>Header Files</Filter>
    </ClInclude>
    <ClInclude Include="m_player.h">
      <Filter>Header Files</Filter>
    </ClInclude>
    <ClInclude Include="q_shared.h">
      <Filter>Header Files</Filter>
    </ClInclude>
    <ClInclude Include="tng_stats.h">
      <Filter>Header Files</Filter>
    </ClInclude>
    <ClInclude Include="g_grapple.h">
      <Filter>Header Files</Filter>
    </ClInclude>
    <ClInclude Include="tng_balancer.h">
      <Filter>Header Files</Filter>
    </ClInclude>
    <ClInclude Include="tng_ini.h">
      <Filter>Header Files</Filter>
    </ClInclude>
    <ClInclude Include="a_dom.h">
      <Filter>Header Files</Filter>
    </ClInclude>
    <ClInclude Include="tng_jump.h">
      <Filter>Header Files</Filter>
    </ClInclude>
    <ClInclude Include="p_antilag.h">
      <Filter>Header Files</Filter>
    </ClInclude>
  </ItemGroup>
  <ItemGroup>
    <CustomBuild Include="game.def">
      <Filter>Resource Files</Filter>
    </CustomBuild>
  </ItemGroup>
</Project>