<?xml version="1.0" encoding="utf-8"?>
<Project ToolsVersion="4.0" xmlns="http://schemas.microsoft.com/developer/msbuild/2003">
  <ItemGroup>
    <ClInclude Include="bg_local.h" />
    <ClInclude Include="cg_local.h" />
    <ClInclude Include="g_local.h" />
    <ClInclude Include="g_statusbar.h" />
    <ClInclude Include="game.h" />
    <ClInclude Include="m_actor.h" />
    <ClInclude Include="m_player.h" />
    <ClInclude Include="q_std.h" />
    <ClInclude Include="q_vec3.h" />
    <ClInclude Include="bots\bot_debug.h">
      <Filter>bots</Filter>
    </ClInclude>
    <ClInclude Include="bots\bot_exports.h">
      <Filter>bots</Filter>
    </ClInclude>
    <ClInclude Include="bots\bot_includes.h">
      <Filter>bots</Filter>
    </ClInclude>
    <ClInclude Include="bots\bot_think.h">
      <Filter>bots</Filter>
    </ClInclude>
    <ClInclude Include="bots\bot_utils.h">
      <Filter>bots</Filter>
    </ClInclude>
    <ClInclude Include="ctf\g_ctf.h">
      <Filter>ctf</Filter>
    </ClInclude>
    <ClInclude Include="ctf\p_ctf_menu.h">
      <Filter>ctf</Filter>
    </ClInclude>
    <ClInclude Include="action\a_game.h">
      <Filter>action</Filter>
    </ClInclude>
    <ClInclude Include="action\a_radio.h">
      <Filter>action</Filter>
    </ClInclude>
    <ClInclude Include="action\a_team.h">
      <Filter>action</Filter>
    </ClInclude>
    <ClInclude Include="action\a_xgame.h">
      <Filter>action</Filter>
    </ClInclude>
  </ItemGroup>
  <ItemGroup>
    <ClCompile Include="cg_main.cpp" />
    <ClCompile Include="cg_screen.cpp" />
    <ClCompile Include="g_ai.cpp" />
    <ClCompile Include="g_chase.cpp" />
    <ClCompile Include="g_cmds.cpp" />
    <ClCompile Include="g_combat.cpp" />
    <ClCompile Include="g_func.cpp" />
    <ClCompile Include="g_items.cpp" />
    <ClCompile Include="g_main.cpp" />
    <ClCompile Include="g_misc.cpp" />
    <ClCompile Include="g_monster.cpp" />
    <ClCompile Include="g_phys.cpp" />
    <ClCompile Include="g_save.cpp" />
    <ClCompile Include="g_spawn.cpp" />
    <ClCompile Include="g_svcmds.cpp" />
    <ClCompile Include="g_target.cpp" />
    <ClCompile Include="g_trigger.cpp" />
    <ClCompile Include="g_turret.cpp" />
    <ClCompile Include="g_utils.cpp" />
    <ClCompile Include="g_weapon.cpp" />
    <ClCompile Include="m_actor.cpp" />
    <ClCompile Include="m_move.cpp" />
    <ClCompile Include="p_client.cpp" />
    <ClCompile Include="p_hud.cpp" />
    <ClCompile Include="p_move.cpp" />
    <ClCompile Include="p_trail.cpp" />
    <ClCompile Include="p_view.cpp" />
    <ClCompile Include="p_weapon.cpp" />
    <ClCompile Include="q_std.cpp" />
    <ClCompile Include="bots\bot_debug.cpp">
      <Filter>bots</Filter>
    </ClCompile>
    <ClCompile Include="bots\bot_exports.cpp">
      <Filter>bots</Filter>
    </ClCompile>
    <ClCompile Include="bots\bot_think.cpp">
      <Filter>bots</Filter>
    </ClCompile>
    <ClCompile Include="bots\bot_utils.cpp">
      <Filter>bots</Filter>
    </ClCompile>
    <ClCompile Include="ctf\g_ctf.cpp">
      <Filter>ctf</Filter>
    </ClCompile>
    <ClCompile Include="ctf\p_ctf_menu.cpp">
      <Filter>ctf</Filter>
    </ClCompile>
    <ClCompile Include="action\a_balancer.cpp">
      <Filter>action</Filter>
    </ClCompile>
    <ClCompile Include="action\a_doorkick.cpp">
      <Filter>action</Filter>
    </ClCompile>
    <ClCompile Include="action\a_game.cpp">
      <Filter>action</Filter>
    </ClCompile>
    <ClCompile Include="action\a_radio.cpp">
      <Filter>action</Filter>
    </ClCompile>
    <ClCompile Include="action\a_team.cpp">
      <Filter>action</Filter>
    </ClCompile>
    <ClCompile Include="action\a_xgame.cpp">
      <Filter>action</Filter>
    </ClCompile>
  </ItemGroup>
  <ItemGroup>
    <Filter Include="bots">
      <UniqueIdentifier>{185665ce-b604-4d9a-b22b-02a83797d112}</UniqueIdentifier>
    </Filter>
    <Filter Include="ctf">
      <UniqueIdentifier>{2b0fdaa0-3de9-4bbd-9bc6-3cadf798c291}</UniqueIdentifier>
    </Filter>
    <Filter Include="action">
      <UniqueIdentifier>{d64735ea-2498-4340-908f-41a65b833f0f}</UniqueIdentifier>
    </Filter>
  </ItemGroup>
</Project>